
Microsoft Visual Studio Solution File, Format Version 12.00
# Visual Studio Version 16
VisualStudioVersion = 16.0.32602.291
MinimumVisualStudioVersion = 10.0.40219.1
Project("{FAE04EC0-301F-11D3-BF4B-00C04F79EFBC}") = "STG", "STG\STG.csproj", "{312A9162-F9A7-482C-A5B8-A1C490B29356}"
EndProject
Global
	GlobalSection(SolutionConfigurationPlatforms) = preSolution
		Debug|Any CPU = Debug|Any CPU
		Release|Any CPU = Release|Any CPU
	EndGlobalSection
	GlobalSection(ProjectConfigurationPlatforms) = postSolution
		{312A9162-F9A7-482C-A5B8-A1C490B29356}.Debug|Any CPU.ActiveCfg = Debug|Any CPU
		{312A9162-F9A7-482C-A5B8-A1C490B29356}.Debug|Any CPU.Build.0 = Debug|Any CPU
		{312A9162-F9A7-482C-A5B8-A1C490B29356}.Release|Any CPU.ActiveCfg = Release|Any CPU
		{312A9162-F9A7-482C-A5B8-A1C490B29356}.Release|Any CPU.Build.0 = Release|Any CPU
	EndGlobalSection
	GlobalSection(SolutionProperties) = preSolution
		HideSolutionNode = FALSE
	EndGlobalSection
	GlobalSection(ExtensibilityGlobals) = postSolution
		SolutionGuid = {10EAC5E1-4225-4D89-BAC2-97BB48822434}
	EndGlobalSection
EndGlobal
